# This file is automatically @generated by Cargo.
# It is not intended for manual editing.
version = 3

[[package]]
name = "cc"
version = "1.0.89"
source = "registry+https://github.com/rust-lang/crates.io-index"
checksum = "a0ba8f7aaa012f30d5b2861462f6708eccd49c3c39863fe083a308035f63d723"

[[package]]
name = "cmake"
version = "0.1.50"
source = "registry+https://github.com/rust-lang/crates.io-index"
checksum = "a31c789563b815f77f4250caee12365734369f942439b7defd71e18a48197130"
dependencies = [
 "cc",
]

[[package]]
name = "face-service"
version = "0.1.0"
dependencies = [
 "faiss",
]

[[package]]
name = "faiss"
version = "0.12.1-alpha.0"
source = "git+https://github.com/MichaelMcCulloch/faiss-rs.git?branch=latest+avx2#c342054e1f270c5d45c3d018bade3df27ec8f6b5"
dependencies = [
 "faiss-sys",
]

[[package]]
name = "faiss-sys"
version = "0.6.2"
source = "git+https://github.com/MichaelMcCulloch/faiss-rs.git?branch=latest+avx2#c342054e1f270c5d45c3d018bade3df27ec8f6b5"
dependencies = [
 "cmake",
]
